<?xml version="1.0" encoding="utf-8"?>
<Project ToolsVersion="4.0" xmlns="http://schemas.microsoft.com/developer/msbuild/2003">
  <ItemGroup>
    <Filter Include="Source Files">
      <UniqueIdentifier>{fe6b8101-e0e4-4943-80cf-5a5aac426ebe}</UniqueIdentifier>
      <Extensions>cpp;c;cxx;rc;def;r;odl;idl;hpj;bat</Extensions>
    </Filter>
    <Filter Include="Header Files">
      <UniqueIdentifier>{aeb29b84-64ef-4219-a7f3-0b9ca12d813d}</UniqueIdentifier>
      <Extensions>h;hpp;hxx;hm;inl</Extensions>
    </Filter>
    <Filter Include="Resource Files">
      <UniqueIdentifier>{1bc82124-e441-44d5-8d25-3c810bb1fe6b}</UniqueIdentifier>
      <Extensions>ico;cur;bmp;dlg;rc2;rct;bin;rgs;gif;jpg;jpeg;jpe</Extensions>
    </Filter>
  </ItemGroup>
  <ItemGroup>
    <ClCompile Include="CmdRunner.cpp">
      <Filter>Source Files</Filter>
    </ClCompile>
    <ClCompile Include="ScmConnector.cpp">
      <Filter>Source Files</Filter>
    </ClCompile>
    <ClCompile Include="ServiceManager.cpp">
      <Filter>Source Files</Filter>
    </ClCompile>
    <ClCompile Include="LiteSrv.cpp">
      <Filter>Source Files</Filter>
    </ClCompile>
    <ClCompile Include="StringSubstituter.cpp">
      <Filter>Source Files</Filter>
    </ClCompile>
  </ItemGroup>
  <ItemGroup>
    <ClInclude Include="CmdRunner.h">
      <Filter>Header Files</Filter>
    </ClInclude>
    <ClInclude Include="ScmConnector.h">
      <Filter>Header Files</Filter>
    </ClInclude>
    <ClInclude Include="ServiceManager.h">
      <Filter>Header Files</Filter>
    </ClInclude>
    <ClInclude Include="Sleeper.h">
      <Filter>Header Files</Filter>
    </ClInclude>
    <ClInclude Include="LiteSrv.h">
      <Filter>Header Files</Filter>
    </ClInclude>
    <ClInclude Include="StringSubstituter.h">
      <Filter>Header Files</Filter>
    </ClInclude>
  </ItemGroup>
  <ItemGroup>
    <ResourceCompile Include="..\LiteSrv.rc">
      <Filter>Resource Files</Filter>
    </ResourceCompile>
  </ItemGroup>
</Project>